<?xml version="1.0" encoding="utf-8"?>
<Project ToolsVersion="4.0" xmlns="http://schemas.microsoft.com/developer/msbuild/2003">
  <ItemGroup>
    <Filter Include="源文件">
      <UniqueIdentifier>{4FC737F1-C7A5-4376-A066-2A32D752A2FF}</UniqueIdentifier>
      <Extensions>cpp;c;cc;cxx;def;odl;idl;hpj;bat;asm;asmx</Extensions>
    </Filter>
    <Filter Include="头文件">
      <UniqueIdentifier>{93995380-89BD-4b04-88EB-625FBE52EBFB}</UniqueIdentifier>
      <Extensions>h;hpp;hxx;hm;inl;inc;xsd</Extensions>
    </Filter>
    <Filter Include="资源文件">
      <UniqueIdentifier>{67DA6AB6-F800-4c08-8B7A-83BB121AAD01}</UniqueIdentifier>
      <Extensions>rc;ico;cur;bmp;dlg;rc2;rct;bin;rgs;gif;jpg;jpeg;jpe;resx;tiff;tif;png;wav;mfcribbon-ms</Extensions>
    </Filter>
    <Filter Include="源文件\smoothing">
      <UniqueIdentifier>{2f38ae79-a2b4-432f-8f26-9ac88264b8e4}</UniqueIdentifier>
    </Filter>
    <Filter Include="头文件\smoothing">
      <UniqueIdentifier>{2d8cd0bd-d7c6-4832-93d5-949b02abb74e}</UniqueIdentifier>
    </Filter>
    <Filter Include="头文件\common files">
      <UniqueIdentifier>{071c7a66-42fb-4b57-a29e-ffad5b08e6bd}</UniqueIdentifier>
    </Filter>
    <Filter Include="源文件\common files">
      <UniqueIdentifier>{962b067e-bb92-436d-946b-e1ac59d9b339}</UniqueIdentifier>
    </Filter>
  </ItemGroup>
  <ItemGroup>
    <None Include="ReadMe.txt" />
    <None Include="res\MeshEditor.rc2">
      <Filter>资源文件</Filter>
    </None>
    <None Include="res\MeshEditorDoc.ico">
      <Filter>资源文件</Filter>
    </None>
    <None Include="res\MeshEditor.ico">
      <Filter>资源文件</Filter>
    </None>
  </ItemGroup>
  <ItemGroup>
    <ClInclude Include="MeshEditor.h">
      <Filter>头文件</Filter>
    </ClInclude>
    <ClInclude Include="stdafx.h">
      <Filter>头文件</Filter>
    </ClInclude>
    <ClInclude Include="targetver.h">
      <Filter>头文件</Filter>
    </ClInclude>
    <ClInclude Include="MainFrm.h">
      <Filter>头文件</Filter>
    </ClInclude>
    <ClInclude Include="ChildFrm.h">
      <Filter>头文件</Filter>
    </ClInclude>
    <ClInclude Include="MeshEditorDoc.h">
      <Filter>头文件</Filter>
    </ClInclude>
    <ClInclude Include="MeshEditorView.h">
      <Filter>头文件</Filter>
    </ClInclude>
    <ClInclude Include="Resource.h">
      <Filter>头文件</Filter>
    </ClInclude>
    <ClInclude Include="ParameterSetDlg5.h">
      <Filter>头文件\smoothing</Filter>
    </ClInclude>
    <ClInclude Include="ParameterSetDlg4.h">
      <Filter>头文件\smoothing</Filter>
    </ClInclude>
    <ClInclude Include="ParameterSetDlg3.h">
      <Filter>头文件\smoothing</Filter>
    </ClInclude>
    <ClInclude Include="ParameterSetDlg2.h">
      <Filter>头文件\smoothing</Filter>
    </ClInclude>
    <ClInclude Include="ParameterSetDlg1.h">
      <Filter>头文件\smoothing</Filter>
    </ClInclude>
    <ClInclude Include="ProcessViewerDlg.h">
      <Filter>头文件\smoothing</Filter>
    </ClInclude>
    <ClInclude Include="Smoother.h">
      <Filter>头文件\smoothing</Filter>
    </ClInclude>
    <ClInclude Include="PBCG.h">
      <Filter>头文件\common files</Filter>
    </ClInclude>
    <ClInclude Include="FileManager.h">
      <Filter>头文件\common files</Filter>
    </ClInclude>
    <ClInclude Include="PolyMesh.h">
      <Filter>头文件\common files</Filter>
    </ClInclude>
  </ItemGroup>
  <ItemGroup>
    <ClCompile Include="MeshEditor.cpp">
      <Filter>源文件</Filter>
    </ClCompile>
    <ClCompile Include="stdafx.cpp">
      <Filter>源文件</Filter>
    </ClCompile>
    <ClCompile Include="MainFrm.cpp">
      <Filter>源文件</Filter>
    </ClCompile>
    <ClCompile Include="ChildFrm.cpp">
      <Filter>源文件</Filter>
    </ClCompile>
    <ClCompile Include="MeshEditorDoc.cpp">
      <Filter>源文件</Filter>
    </ClCompile>
    <ClCompile Include="MeshEditorView.cpp">
      <Filter>源文件</Filter>
    </ClCompile>
    <ClCompile Include="ParameterSetDlg1.cpp">
      <Filter>源文件\smoothing</Filter>
    </ClCompile>
    <ClCompile Include="ParameterSetDlg2.cpp">
      <Filter>源文件\smoothing</Filter>
    </ClCompile>
    <ClCompile Include="ParameterSetDlg3.cpp">
      <Filter>源文件\smoothing</Filter>
    </ClCompile>
    <ClCompile Include="ParameterSetDlg4.cpp">
      <Filter>源文件\smoothing</Filter>
    </ClCompile>
    <ClCompile Include="ParameterSetDlg5.cpp">
      <Filter>源文件\smoothing</Filter>
    </ClCompile>
    <ClCompile Include="ProcessViewerDlg.cpp">
      <Filter>源文件\smoothing</Filter>
    </ClCompile>
    <ClCompile Include="Smoother.cpp">
      <Filter>源文件\smoothing</Filter>
    </ClCompile>
    <ClCompile Include="PolyMesh.cpp">
      <Filter>源文件\common files</Filter>
    </ClCompile>
    <ClCompile Include="PBCG.cpp">
      <Filter>源文件\common files</Filter>
    </ClCompile>
    <ClCompile Include="FileManager.cpp">
      <Filter>源文件\common files</Filter>
    </ClCompile>
  </ItemGroup>
  <ItemGroup>
    <ResourceCompile Include="MeshEditor.rc">
      <Filter>资源文件</Filter>
    </ResourceCompile>
  </ItemGroup>
</Project>